<?xml version="1.0" encoding="utf-8"?>
<Project ToolsVersion="16.0" xmlns="http://schemas.microsoft.com/developer/msbuild/2003">
  <ItemGroup>
    <CustomBuild Include="D:\spdlog-1.12.0\build\CMakeFiles\cef22404692d3780565d9f3e2448203b\PACKAGE_force.rule">
      <Filter>CMake Rules</Filter>
    </CustomBuild>
  </ItemGroup>
  <ItemGroup>
    <Filter Include="CMake Rules">
      <UniqueIdentifier>{21C85933-CA2E-33DA-8735-587C516CE275}</UniqueIdentifier>
    </Filter>
  </ItemGroup>
</Project>
