
Microsoft Visual Studio Solution File, Format Version 12.00
# Visual Studio Version 16
Project("{8BC9CEB8-8B4A-11D0-8D11-00A0C91BC942}") = "ALL_BUILD", "ALL_BUILD.vcxproj", "{7D7D1D48-8F1B-34A3-9DA4-3264864C05B3}"
	ProjectSection(ProjectDependencies) = postProject
		{8C9BDF40-36A6-3786-8C49-35319540FDD6} = {8C9BDF40-36A6-3786-8C49-35319540FDD6}
		{A8C5FAA8-FCEF-362F-AD33-AEA6FCB77197} = {A8C5FAA8-FCEF-362F-AD33-AEA6FCB77197}
		{F072A324-16C4-38D0-B65E-9383E5B18506} = {F072A324-16C4-38D0-B65E-9383E5B18506}
	EndProjectSection
EndProject
Project("{8BC9CEB8-8B4A-11D0-8D11-00A0C91BC942}") = "INSTALL", "INSTALL.vcxproj", "{5D10B758-62BD-35D6-A8B1-434C35D95776}"
	ProjectSection(ProjectDependencies) = postProject
		{7D7D1D48-8F1B-34A3-9DA4-3264864C05B3} = {7D7D1D48-8F1B-34A3-9DA4-3264864C05B3}
		{8C9BDF40-36A6-3786-8C49-35319540FDD6} = {8C9BDF40-36A6-3786-8C49-35319540FDD6}
	EndProjectSection
EndProject
Project("{8BC9CEB8-8B4A-11D0-8D11-00A0C91BC942}") = "PACKAGE", "PACKAGE.vcxproj", "{E1291D7C-A54A-32C8-95FA-9CE78D3F2851}"
	ProjectSection(ProjectDependencies) = postProject
		{7D7D1D48-8F1B-34A3-9DA4-3264864C05B3} = {7D7D1D48-8F1B-34A3-9DA4-3264864C05B3}
		{8C9BDF40-36A6-3786-8C49-35319540FDD6} = {8C9BDF40-36A6-3786-8C49-35319540FDD6}
	EndProjectSection
EndProject
Project("{8BC9CEB8-8B4A-11D0-8D11-00A0C91BC942}") = "ZERO_CHECK", "ZERO_CHECK.vcxproj", "{8C9BDF40-36A6-3786-8C49-35319540FDD6}"
	ProjectSection(ProjectDependencies) = postProject
	EndProjectSection
EndProject
Project("{8BC9CEB8-8B4A-11D0-8D11-00A0C91BC942}") = "example", "example\example.vcxproj", "{A8C5FAA8-FCEF-362F-AD33-AEA6FCB77197}"
	ProjectSection(ProjectDependencies) = postProject
		{8C9BDF40-36A6-3786-8C49-35319540FDD6} = {8C9BDF40-36A6-3786-8C49-35319540FDD6}
		{F072A324-16C4-38D0-B65E-9383E5B18506} = {F072A324-16C4-38D0-B65E-9383E5B18506}
	EndProjectSection
EndProject
Project("{8BC9CEB8-8B4A-11D0-8D11-00A0C91BC942}") = "spdlog", "spdlog.vcxproj", "{F072A324-16C4-38D0-B65E-9383E5B18506}"
	ProjectSection(ProjectDependencies) = postProject
		{8C9BDF40-36A6-3786-8C49-35319540FDD6} = {8C9BDF40-36A6-3786-8C49-35319540FDD6}
	EndProjectSection
EndProject
Global
	GlobalSection(SolutionConfigurationPlatforms) = preSolution
		Debug|x64 = Debug|x64
		Release|x64 = Release|x64
		MinSizeRel|x64 = MinSizeRel|x64
		RelWithDebInfo|x64 = RelWithDebInfo|x64
	EndGlobalSection
	GlobalSection(ProjectConfigurationPlatforms) = postSolution
		{7D7D1D48-8F1B-34A3-9DA4-3264864C05B3}.Debug|x64.ActiveCfg = Debug|x64
		{7D7D1D48-8F1B-34A3-9DA4-3264864C05B3}.Debug|x64.Build.0 = Debug|x64
		{7D7D1D48-8F1B-34A3-9DA4-3264864C05B3}.Release|x64.ActiveCfg = Release|x64
		{7D7D1D48-8F1B-34A3-9DA4-3264864C05B3}.Release|x64.Build.0 = Release|x64
		{7D7D1D48-8F1B-34A3-9DA4-3264864C05B3}.MinSizeRel|x64.ActiveCfg = MinSizeRel|x64
		{7D7D1D48-8F1B-34A3-9DA4-3264864C05B3}.MinSizeRel|x64.Build.0 = MinSizeRel|x64
		{7D7D1D48-8F1B-34A3-9DA4-3264864C05B3}.RelWithDebInfo|x64.ActiveCfg = RelWithDebInfo|x64
		{7D7D1D48-8F1B-34A3-9DA4-3264864C05B3}.RelWithDebInfo|x64.Build.0 = RelWithDebInfo|x64
		{5D10B758-62BD-35D6-A8B1-434C35D95776}.Debug|x64.ActiveCfg = Debug|x64
		{5D10B758-62BD-35D6-A8B1-434C35D95776}.Release|x64.ActiveCfg = Release|x64
		{5D10B758-62BD-35D6-A8B1-434C35D95776}.MinSizeRel|x64.ActiveCfg = MinSizeRel|x64
		{5D10B758-62BD-35D6-A8B1-434C35D95776}.RelWithDebInfo|x64.ActiveCfg = RelWithDebInfo|x64
		{E1291D7C-A54A-32C8-95FA-9CE78D3F2851}.Debug|x64.ActiveCfg = Debug|x64
		{E1291D7C-A54A-32C8-95FA-9CE78D3F2851}.Release|x64.ActiveCfg = Release|x64
		{E1291D7C-A54A-32C8-95FA-9CE78D3F2851}.MinSizeRel|x64.ActiveCfg = MinSizeRel|x64
		{E1291D7C-A54A-32C8-95FA-9CE78D3F2851}.RelWithDebInfo|x64.ActiveCfg = RelWithDebInfo|x64
		{8C9BDF40-36A6-3786-8C49-35319540FDD6}.Debug|x64.ActiveCfg = Debug|x64
		{8C9BDF40-36A6-3786-8C49-35319540FDD6}.Debug|x64.Build.0 = Debug|x64
		{8C9BDF40-36A6-3786-8C49-35319540FDD6}.Release|x64.ActiveCfg = Release|x64
		{8C9BDF40-36A6-3786-8C49-35319540FDD6}.Release|x64.Build.0 = Release|x64
		{8C9BDF40-36A6-3786-8C49-35319540FDD6}.MinSizeRel|x64.ActiveCfg = MinSizeRel|x64
		{8C9BDF40-36A6-3786-8C49-35319540FDD6}.MinSizeRel|x64.Build.0 = MinSizeRel|x64
		{8C9BDF40-36A6-3786-8C49-35319540FDD6}.RelWithDebInfo|x64.ActiveCfg = RelWithDebInfo|x64
		{8C9BDF40-36A6-3786-8C49-35319540FDD6}.RelWithDebInfo|x64.Build.0 = RelWithDebInfo|x64
		{A8C5FAA8-FCEF-362F-AD33-AEA6FCB77197}.Debug|x64.ActiveCfg = Debug|x64
		{A8C5FAA8-FCEF-362F-AD33-AEA6FCB77197}.Debug|x64.Build.0 = Debug|x64
		{A8C5FAA8-FCEF-362F-AD33-AEA6FCB77197}.Release|x64.ActiveCfg = Release|x64
		{A8C5FAA8-FCEF-362F-AD33-AEA6FCB77197}.Release|x64.Build.0 = Release|x64
		{A8C5FAA8-FCEF-362F-AD33-AEA6FCB77197}.MinSizeRel|x64.ActiveCfg = MinSizeRel|x64
		{A8C5FAA8-FCEF-362F-AD33-AEA6FCB77197}.MinSizeRel|x64.Build.0 = MinSizeRel|x64
		{A8C5FAA8-FCEF-362F-AD33-AEA6FCB77197}.RelWithDebInfo|x64.ActiveCfg = RelWithDebInfo|x64
		{A8C5FAA8-FCEF-362F-AD33-AEA6FCB77197}.RelWithDebInfo|x64.Build.0 = RelWithDebInfo|x64
		{F072A324-16C4-38D0-B65E-9383E5B18506}.Debug|x64.ActiveCfg = Debug|x64
		{F072A324-16C4-38D0-B65E-9383E5B18506}.Debug|x64.Build.0 = Debug|x64
		{F072A324-16C4-38D0-B65E-9383E5B18506}.Release|x64.ActiveCfg = Release|x64
		{F072A324-16C4-38D0-B65E-9383E5B18506}.Release|x64.Build.0 = Release|x64
		{F072A324-16C4-38D0-B65E-9383E5B18506}.MinSizeRel|x64.ActiveCfg = MinSizeRel|x64
		{F072A324-16C4-38D0-B65E-9383E5B18506}.MinSizeRel|x64.Build.0 = MinSizeRel|x64
		{F072A324-16C4-38D0-B65E-9383E5B18506}.RelWithDebInfo|x64.ActiveCfg = RelWithDebInfo|x64
		{F072A324-16C4-38D0-B65E-9383E5B18506}.RelWithDebInfo|x64.Build.0 = RelWithDebInfo|x64
	EndGlobalSection
	GlobalSection(ExtensibilityGlobals) = postSolution
		SolutionGuid = {C3BAFB96-0179-3922-81A9-BC5A5A6FB417}
	EndGlobalSection
	GlobalSection(ExtensibilityAddIns) = postSolution
	EndGlobalSection
EndGlobal
